
Microsoft Visual Studio Solution File, Format Version 12.00
# Visual Studio Version 16
VisualStudioVersion = 16.0.32002.261
MinimumVisualStudioVersion = 10.0.40219.1
Project("{FAE04EC0-301F-11D3-BF4B-00C04F79EFBC}") = "AdityaSinghSaud19030698", "AdityaSinghSaud19030698.csproj", "{FDEED009-B64A-4419-9D52-AC2A067CB1DD}"
EndProject
Global
	GlobalSection(SolutionConfigurationPlatforms) = preSolution
		Debug|Any CPU = Debug|Any CPU
		Release|Any CPU = Release|Any CPU
	EndGlobalSection
	GlobalSection(ProjectConfigurationPlatforms) = postSolution
		{FDEED009-B64A-4419-9D52-AC2A067CB1DD}.Debug|Any CPU.ActiveCfg = Debug|Any CPU
		{FDEED009-B64A-4419-9D52-AC2A067CB1DD}.Debug|Any CPU.Build.0 = Debug|Any CPU
		{FDEED009-B64A-4419-9D52-AC2A067CB1DD}.Release|Any CPU.ActiveCfg = Release|Any CPU
		{FDEED009-B64A-4419-9D52-AC2A067CB1DD}.Release|Any CPU.Build.0 = Release|Any CPU
	EndGlobalSection
	GlobalSection(SolutionProperties) = preSolution
		HideSolutionNode = FALSE
	EndGlobalSection
	GlobalSection(ExtensibilityGlobals) = postSolution
		SolutionGuid = {96DD3140-FBA3-436F-8C3C-98F0FA2F9DC7}
	EndGlobalSection
EndGlobal
